
Microsoft Visual Studio Solution File, Format Version 12.00
# Visual Studio Version 16
VisualStudioVersion = 16.0.31005.135
MinimumVisualStudioVersion = 10.0.40219.1
Project("{FAE04EC0-301F-11D3-BF4B-00C04F79EFBC}") = "ЛР1УП", "ЛР1УП\ЛР1УП.csproj", "{995BCCA7-FEDA-468A-8AFE-21036DBD3505}"
EndProject
Global
	GlobalSection(SolutionConfigurationPlatforms) = preSolution
		Debug|Any CPU = Debug|Any CPU
		Release|Any CPU = Release|Any CPU
	EndGlobalSection
	GlobalSection(ProjectConfigurationPlatforms) = postSolution
		{995BCCA7-FEDA-468A-8AFE-21036DBD3505}.Debug|Any CPU.ActiveCfg = Debug|Any CPU
		{995BCCA7-FEDA-468A-8AFE-21036DBD3505}.Debug|Any CPU.Build.0 = Debug|Any CPU
		{995BCCA7-FEDA-468A-8AFE-21036DBD3505}.Release|Any CPU.ActiveCfg = Release|Any CPU
		{995BCCA7-FEDA-468A-8AFE-21036DBD3505}.Release|Any CPU.Build.0 = Release|Any CPU
	EndGlobalSection
	GlobalSection(SolutionProperties) = preSolution
		HideSolutionNode = FALSE
	EndGlobalSection
	GlobalSection(ExtensibilityGlobals) = postSolution
		SolutionGuid = {223C70FB-C23B-4F7C-B4F5-163695B269B2}
	EndGlobalSection
EndGlobal
